github.com/blang/semver/v4 v4.0.0 h1:1PFHFE6yCCTv8C1TeyNNarDzntLi7wMI5i/pzqYIsAM=
github.com/blang/semver/v4 v4.0.0/go.mod h1:IbckMUScFkM3pff0VJDNKRiT6TG/YpiHIM2yvyW5YoQ=
github.com/consensys/gnark v0.14.0 h1:RG+8WxRanFSFBSlmCDRJnYMYYKpH3Ncs5SMzg24B5HQ=
github.com/consensys/gnark v0.14.0/go.mod h1:1IBpDPB/Rdyh55bQRR4b0z1WvfHQN1e0020jCvKP2Gk=
github.com/consensys/gnark-crypto v0.19.0 h1:zXCqeY2txSaMl6G5wFpZzMWJU9HPNh8qxPnYJ1BL9vA=
github.com/consensys/gnark-crypto v0.19.0/go.mod h1:rT23F0XSZqE0mUA0+pRtnL56IbPxs6gp4CeRsBk4XS0=
github.com/consensys/gnark-crypto v0.19.2 h1:qrEAIXq3T4egxqiliFFoNrepkIWVEeIYwt3UL0fvS80=
github.com/consensys/gnark-crypto v0.19.2/go.mod h1:rT23F0XSZqE0mUA0+pRtnL56IbPxs6gp4CeRsBk4XS0=
